
Microsoft Visual Studio Solution File, Format Version 12.00
# Visual Studio Version 16
VisualStudioVersion = 16.0.29215.179
MinimumVisualStudioVersion = 10.0.40219.1
Project("{FAE04EC0-301F-11D3-BF4B-00C04F79EFBC}") = "Money.Android", "Money\Money.Android\Money.Android.csproj", "{C160A2E3-DAA5-4548-AFC9-6F91FA87B46A}"
EndProject
Project("{9A19103F-16F7-4668-BE54-9A1E7A4F7556}") = "Money", "Money\Money\Money.csproj", "{08D3334F-51EC-4C55-8095-7B9C74E9A530}"
EndProject
Project("{FAE04EC0-301F-11D3-BF4B-00C04F79EFBC}") = "MoneyModelLibrary", "MoneyModelLibrary\MoneyModelLibrary.csproj", "{C6AF7D68-41B7-4789-BB4B-F1A4C5CC7083}"
EndProject
Global
	GlobalSection(SolutionConfigurationPlatforms) = preSolution
		Debug|Any CPU = Debug|Any CPU
		Release|Any CPU = Release|Any CPU
	EndGlobalSection
	GlobalSection(ProjectConfigurationPlatforms) = postSolution
		{C160A2E3-DAA5-4548-AFC9-6F91FA87B46A}.Debug|Any CPU.ActiveCfg = Debug|Any CPU
		{C160A2E3-DAA5-4548-AFC9-6F91FA87B46A}.Debug|Any CPU.Build.0 = Debug|Any CPU
		{C160A2E3-DAA5-4548-AFC9-6F91FA87B46A}.Debug|Any CPU.Deploy.0 = Debug|Any CPU
		{C160A2E3-DAA5-4548-AFC9-6F91FA87B46A}.Release|Any CPU.ActiveCfg = Release|Any CPU
		{C160A2E3-DAA5-4548-AFC9-6F91FA87B46A}.Release|Any CPU.Build.0 = Release|Any CPU
		{C160A2E3-DAA5-4548-AFC9-6F91FA87B46A}.Release|Any CPU.Deploy.0 = Release|Any CPU
		{08D3334F-51EC-4C55-8095-7B9C74E9A530}.Debug|Any CPU.ActiveCfg = Debug|Any CPU
		{08D3334F-51EC-4C55-8095-7B9C74E9A530}.Debug|Any CPU.Build.0 = Debug|Any CPU
		{08D3334F-51EC-4C55-8095-7B9C74E9A530}.Debug|Any CPU.Deploy.0 = Debug|Any CPU
		{08D3334F-51EC-4C55-8095-7B9C74E9A530}.Release|Any CPU.ActiveCfg = Release|Any CPU
		{08D3334F-51EC-4C55-8095-7B9C74E9A530}.Release|Any CPU.Build.0 = Release|Any CPU
		{08D3334F-51EC-4C55-8095-7B9C74E9A530}.Release|Any CPU.Deploy.0 = Release|Any CPU
		{C6AF7D68-41B7-4789-BB4B-F1A4C5CC7083}.Debug|Any CPU.ActiveCfg = Debug|Any CPU
		{C6AF7D68-41B7-4789-BB4B-F1A4C5CC7083}.Debug|Any CPU.Build.0 = Debug|Any CPU
		{C6AF7D68-41B7-4789-BB4B-F1A4C5CC7083}.Release|Any CPU.ActiveCfg = Release|Any CPU
		{C6AF7D68-41B7-4789-BB4B-F1A4C5CC7083}.Release|Any CPU.Build.0 = Release|Any CPU
	EndGlobalSection
	GlobalSection(SolutionProperties) = preSolution
		HideSolutionNode = FALSE
	EndGlobalSection
	GlobalSection(ExtensibilityGlobals) = postSolution
		SolutionGuid = {5CC61BC0-A63F-40FA-853C-FA969E0B55C9}
	EndGlobalSection
EndGlobal
